{
  "name": "template",
  "lockfileVersion": 3,
  "requires": true,
  "packages": {
    "": {
      "name": "template",
      "devDependencies": {
        "@types/node": "^20.4.5",
        "typescript": "^5.1.6",
        "ultimate-crosscode-typedefs": "github:CCDirectLink/ultimate-crosscode-typedefs"
      }
    },
    "node_modules/@types/jquery": {
      "version": "1.10.41",
      "resolved": "https://registry.npmjs.org/@types/jquery/-/jquery-1.10.41.tgz",
      "integrity": "sha512-7Gc49Tu+Mq6C18xzOisPHVIItgpI67KJmEAa5q/7uyD4RwejCAsilhfrzivWndjW5us45VLlmLNHtP/E2oKUVw==",
      "dev": true
    },
    "node_modules/@types/node": {
      "version": "20.8.0",
      "resolved": "https://registry.npmjs.org/@types/node/-/node-20.8.0.tgz",
      "integrity": "sha512-LzcWltT83s1bthcvjBmiBvGJiiUe84NWRHkw+ZV6Fr41z2FbIzvc815dk2nQ3RAKMuN2fkenM/z3Xv2QzEpYxQ==",
      "dev": true
    },
    "node_modules/@types/semver": {
      "version": "6.2.4",
      "resolved": "https://registry.npmjs.org/@types/semver/-/semver-6.2.4.tgz",
      "integrity": "sha512-5o/e00/5/rWZlD4dClsj0xf21J0VFFjfZBUp75Imm1Y2V0gm72kmbDNHs1fyZLPlbF90LaPBrPGzbRBJdKhjyQ==",
      "dev": true
    },
    "node_modules/typescript": {
      "version": "5.2.2",
      "resolved": "https://registry.npmjs.org/typescript/-/typescript-5.2.2.tgz",
      "integrity": "sha512-mI4WrpHsbCIcwT9cF4FZvr80QUeKvsUsUvKDoR+X/7XHQH98xYD8YHZg7ANtz2GtZt/CBq2QJ0thkGJMHfqc1w==",
      "dev": true,
      "bin": {
        "tsc": "bin/tsc",
        "tsserver": "bin/tsserver"
      },
      "engines": {
        "node": ">=14.17"
      }
    },
    "node_modules/ultimate-crosscode-typedefs": {
      "version": "0.0.1",
      "resolved": "git+ssh://git@github.com/CCDirectLink/ultimate-crosscode-typedefs.git#44d852139253d500573531a44f319dde65818a1e",
      "dev": true,
      "dependencies": {
        "@types/jquery": "1.10.x",
        "@types/node": ">=11.9",
        "@types/semver": "6.2.x || 6.3.x"
      },
      "engines": {
        "node": ">=10.0.0"
      }
    }
  }
}
