{
  "name": "template",
  "lockfileVersion": 3,
  "requires": true,
  "packages": {
    "": {
      "name": "template",
      "devDependencies": {
        "@types/node": "^20.4.5",
        "typescript": "^5.1.6",
        "ultimate-crosscode-typedefs": "github:CCDirectLink/ultimate-crosscode-typedefs"
      }
    },
    "node_modules/@types/jquery": {
      "version": "1.10.39",
      "resolved": "https://registry.npmjs.org/@types/jquery/-/jquery-1.10.39.tgz",
      "integrity": "sha512-vY3MK/wp1XxEhXzmtFk0Ce5x2Y6PEVXz6hoCooe364O4OdFZVb5XT/qgHmflF/SHD0tDtCejvP9qolCYfX7XWA==",
      "dev": true
    },
    "node_modules/@types/node": {
      "version": "20.4.5",
      "resolved": "https://registry.npmjs.org/@types/node/-/node-20.4.5.tgz",
      "integrity": "sha512-rt40Nk13II9JwQBdeYqmbn2Q6IVTA5uPhvSO+JVqdXw/6/4glI6oR9ezty/A9Hg5u7JH4OmYmuQ+XvjKm0Datg==",
      "dev": true
    },
    "node_modules/@types/semver": {
      "version": "6.2.3",
      "resolved": "https://registry.npmjs.org/@types/semver/-/semver-6.2.3.tgz",
      "integrity": "sha512-KQf+QAMWKMrtBMsB8/24w53tEsxllMj6TuA80TT/5igJalLI/zm0L3oXRbIAl4Ohfc85gyHX/jhMwsVkmhLU4A==",
      "dev": true
    },
    "node_modules/typescript": {
      "version": "5.1.6",
      "resolved": "https://registry.npmjs.org/typescript/-/typescript-5.1.6.tgz",
      "integrity": "sha512-zaWCozRZ6DLEWAWFrVDz1H6FVXzUSfTy5FUMWsQlU8Ym5JP9eO4xkTIROFCQvhQf61z6O/G6ugw3SgAnvvm+HA==",
      "dev": true,
      "bin": {
        "tsc": "bin/tsc",
        "tsserver": "bin/tsserver"
      },
      "engines": {
        "node": ">=14.17"
      }
    },
    "node_modules/ultimate-crosscode-typedefs": {
      "version": "0.0.1",
      "resolved": "git+ssh://git@github.com/CCDirectLink/ultimate-crosscode-typedefs.git#9a0fd3ea3c6ea57822fbbedff0cee078b768a069",
      "dev": true,
      "dependencies": {
        "@types/jquery": "1.10.x",
        "@types/node": ">=11.9",
        "@types/semver": "6.2.x || 6.3.x"
      },
      "engines": {
        "node": ">=10.0.0"
      }
    }
  }
}
